
Microsoft Visual Studio Solution File, Format Version 12.00
# Visual Studio Version 17
VisualStudioVersion = 17.3.32929.385
MinimumVisualStudioVersion = 10.0.40219.1
Project("{FAE04EC0-301F-11D3-BF4B-00C04F79EFBC}") = "FirstProjectOnWPF", "FirstProjectOnWPF\FirstProjectOnWPF.csproj", "{1C4F7784-3259-4B59-ABB9-FBF4071720BB}"
EndProject
Global
	GlobalSection(SolutionConfigurationPlatforms) = preSolution
		Debug|Any CPU = Debug|Any CPU
		Release|Any CPU = Release|Any CPU
	EndGlobalSection
	GlobalSection(ProjectConfigurationPlatforms) = postSolution
		{1C4F7784-3259-4B59-ABB9-FBF4071720BB}.Debug|Any CPU.ActiveCfg = Debug|Any CPU
		{1C4F7784-3259-4B59-ABB9-FBF4071720BB}.Debug|Any CPU.Build.0 = Debug|Any CPU
		{1C4F7784-3259-4B59-ABB9-FBF4071720BB}.Release|Any CPU.ActiveCfg = Release|Any CPU
		{1C4F7784-3259-4B59-ABB9-FBF4071720BB}.Release|Any CPU.Build.0 = Release|Any CPU
	EndGlobalSection
	GlobalSection(SolutionProperties) = preSolution
		HideSolutionNode = FALSE
	EndGlobalSection
	GlobalSection(ExtensibilityGlobals) = postSolution
		SolutionGuid = {55434180-2EFB-4BB5-B1D9-C9A8D0D5A822}
	EndGlobalSection
EndGlobal
